
Microsoft Visual Studio Solution File, Format Version 12.00
# Visual Studio 15
VisualStudioVersion = 15.0.27428.2027
MinimumVisualStudioVersion = 10.0.40219.1
Project("{FAE04EC0-301F-11D3-BF4B-00C04F79EFBC}") = "DownstreamService", "./DownstreamService/DownstreamService.csproj", "{2982C147-9446-47FE-862E-E689B64CC7E7}"
EndProject
Project("{FAE04EC0-301F-11D3-BF4B-00C04F79EFBC}") = "ApiGateway", "./ApiGateway/ApiGateway.csproj", "{006CF27E-5400-43E9-B511-C54EC1B9C546}"
EndProject
Global
	GlobalSection(SolutionConfigurationPlatforms) = preSolution
		Debug|x64 = Debug|x64
		Release|x64 = Release|x64
	EndGlobalSection
	GlobalSection(ProjectConfigurationPlatforms) = postSolution
		{2982C147-9446-47FE-862E-E689B64CC7E7}.Debug|x64.ActiveCfg = Debug|x64
		{2982C147-9446-47FE-862E-E689B64CC7E7}.Debug|x64.Build.0 = Debug|x64
		{2982C147-9446-47FE-862E-E689B64CC7E7}.Release|x64.ActiveCfg = Release|x64
		{2982C147-9446-47FE-862E-E689B64CC7E7}.Release|x64.Build.0 = Release|x64
		{006CF27E-5400-43E9-B511-C54EC1B9C546}.Debug|x64.ActiveCfg = Debug|x64
		{006CF27E-5400-43E9-B511-C54EC1B9C546}.Debug|x64.Build.0 = Debug|x64
		{006CF27E-5400-43E9-B511-C54EC1B9C546}.Release|x64.ActiveCfg = Release|x64
		{006CF27E-5400-43E9-B511-C54EC1B9C546}.Release|x64.Build.0 = Release|x64
	EndGlobalSection
	GlobalSection(SolutionProperties) = preSolution
		HideSolutionNode = FALSE
	EndGlobalSection
	GlobalSection(ExtensibilityGlobals) = postSolution
		SolutionGuid = {2C604707-2EA1-4CCF-A89C-22B613052C8D}
	EndGlobalSection
EndGlobal
